
Microsoft Visual Studio Solution File, Format Version 12.00
# Visual Studio Version 17
VisualStudioVersion = 17.3.32819.101
MinimumVisualStudioVersion = 10.0.40219.1
Project("{FAE04EC0-301F-11D3-BF4B-00C04F79EFBC}") = "Collections", "Collections\Collections.csproj", "{E785CCB1-50EB-4F70-9BD3-E5EBA9A7406F}"
EndProject
Global
	GlobalSection(SolutionConfigurationPlatforms) = preSolution
		Debug|Any CPU = Debug|Any CPU
		Release|Any CPU = Release|Any CPU
	EndGlobalSection
	GlobalSection(ProjectConfigurationPlatforms) = postSolution
		{E785CCB1-50EB-4F70-9BD3-E5EBA9A7406F}.Debug|Any CPU.ActiveCfg = Debug|Any CPU
		{E785CCB1-50EB-4F70-9BD3-E5EBA9A7406F}.Debug|Any CPU.Build.0 = Debug|Any CPU
		{E785CCB1-50EB-4F70-9BD3-E5EBA9A7406F}.Release|Any CPU.ActiveCfg = Release|Any CPU
		{E785CCB1-50EB-4F70-9BD3-E5EBA9A7406F}.Release|Any CPU.Build.0 = Release|Any CPU
	EndGlobalSection
	GlobalSection(SolutionProperties) = preSolution
		HideSolutionNode = FALSE
	EndGlobalSection
	GlobalSection(ExtensibilityGlobals) = postSolution
		SolutionGuid = {EDFD1C72-E9DE-4D58-B5D1-F949E1FDE32F}
	EndGlobalSection
EndGlobal
