
Microsoft Visual Studio Solution File, Format Version 12.00
# Visual Studio Version 17
VisualStudioVersion = 17.3.32819.101
MinimumVisualStudioVersion = 10.0.40219.1
Project("{FAE04EC0-301F-11D3-BF4B-00C04F79EFBC}") = "CompoundInterest", "CompoundInterest\CompoundInterest.csproj", "{C5E3A8E5-DC08-4867-B545-53AD121ADB33}"
EndProject
Global
	GlobalSection(SolutionConfigurationPlatforms) = preSolution
		Debug|Any CPU = Debug|Any CPU
		Release|Any CPU = Release|Any CPU
	EndGlobalSection
	GlobalSection(ProjectConfigurationPlatforms) = postSolution
		{C5E3A8E5-DC08-4867-B545-53AD121ADB33}.Debug|Any CPU.ActiveCfg = Debug|Any CPU
		{C5E3A8E5-DC08-4867-B545-53AD121ADB33}.Debug|Any CPU.Build.0 = Debug|Any CPU
		{C5E3A8E5-DC08-4867-B545-53AD121ADB33}.Release|Any CPU.ActiveCfg = Release|Any CPU
		{C5E3A8E5-DC08-4867-B545-53AD121ADB33}.Release|Any CPU.Build.0 = Release|Any CPU
	EndGlobalSection
	GlobalSection(SolutionProperties) = preSolution
		HideSolutionNode = FALSE
	EndGlobalSection
	GlobalSection(ExtensibilityGlobals) = postSolution
		SolutionGuid = {677AEB00-9DD5-4265-A1FB-D7E30DE5792D}
	EndGlobalSection
EndGlobal
