
Microsoft Visual Studio Solution File, Format Version 12.00
# Visual Studio Version 17
VisualStudioVersion = 17.3.32819.101
MinimumVisualStudioVersion = 10.0.40219.1
Project("{FAE04EC0-301F-11D3-BF4B-00C04F79EFBC}") = "funnyPoem", "funnyPoem\funnyPoem.csproj", "{D85153BD-C586-4AD6-AC45-36CA567AF1BA}"
EndProject
Global
	GlobalSection(SolutionConfigurationPlatforms) = preSolution
		Debug|Any CPU = Debug|Any CPU
		Release|Any CPU = Release|Any CPU
	EndGlobalSection
	GlobalSection(ProjectConfigurationPlatforms) = postSolution
		{D85153BD-C586-4AD6-AC45-36CA567AF1BA}.Debug|Any CPU.ActiveCfg = Debug|Any CPU
		{D85153BD-C586-4AD6-AC45-36CA567AF1BA}.Debug|Any CPU.Build.0 = Debug|Any CPU
		{D85153BD-C586-4AD6-AC45-36CA567AF1BA}.Release|Any CPU.ActiveCfg = Release|Any CPU
		{D85153BD-C586-4AD6-AC45-36CA567AF1BA}.Release|Any CPU.Build.0 = Release|Any CPU
	EndGlobalSection
	GlobalSection(SolutionProperties) = preSolution
		HideSolutionNode = FALSE
	EndGlobalSection
	GlobalSection(ExtensibilityGlobals) = postSolution
		SolutionGuid = {399C4AAD-0A67-47D6-B8F9-E4D9DAABA72D}
	EndGlobalSection
EndGlobal
