
Microsoft Visual Studio Solution File, Format Version 12.00
# Visual Studio Version 17
VisualStudioVersion = 17.3.32819.101
MinimumVisualStudioVersion = 10.0.40219.1
Project("{FAE04EC0-301F-11D3-BF4B-00C04F79EFBC}") = "shopStaff", "shopStaff\shopStaff.csproj", "{234533CA-57B0-4550-9F37-F295E99DDF10}"
EndProject
Global
	GlobalSection(SolutionConfigurationPlatforms) = preSolution
		Debug|Any CPU = Debug|Any CPU
		Release|Any CPU = Release|Any CPU
	EndGlobalSection
	GlobalSection(ProjectConfigurationPlatforms) = postSolution
		{234533CA-57B0-4550-9F37-F295E99DDF10}.Debug|Any CPU.ActiveCfg = Debug|Any CPU
		{234533CA-57B0-4550-9F37-F295E99DDF10}.Debug|Any CPU.Build.0 = Debug|Any CPU
		{234533CA-57B0-4550-9F37-F295E99DDF10}.Release|Any CPU.ActiveCfg = Release|Any CPU
		{234533CA-57B0-4550-9F37-F295E99DDF10}.Release|Any CPU.Build.0 = Release|Any CPU
	EndGlobalSection
	GlobalSection(SolutionProperties) = preSolution
		HideSolutionNode = FALSE
	EndGlobalSection
	GlobalSection(ExtensibilityGlobals) = postSolution
		SolutionGuid = {CC43F42C-ECD9-426F-80D1-2F91BD5DB034}
	EndGlobalSection
EndGlobal
