
Microsoft Visual Studio Solution File, Format Version 12.00
# Visual Studio Version 17
VisualStudioVersion = 17.3.32819.101
MinimumVisualStudioVersion = 10.0.40219.1
Project("{FAE04EC0-301F-11D3-BF4B-00C04F79EFBC}") = "ConsoleApp4", "ConsoleApp4\ConsoleApp4.csproj", "{23C10420-BB86-4FEF-93E6-95E0DFB422A1}"
EndProject
Global
	GlobalSection(SolutionConfigurationPlatforms) = preSolution
		Debug|Any CPU = Debug|Any CPU
		Release|Any CPU = Release|Any CPU
	EndGlobalSection
	GlobalSection(ProjectConfigurationPlatforms) = postSolution
		{23C10420-BB86-4FEF-93E6-95E0DFB422A1}.Debug|Any CPU.ActiveCfg = Debug|Any CPU
		{23C10420-BB86-4FEF-93E6-95E0DFB422A1}.Debug|Any CPU.Build.0 = Debug|Any CPU
		{23C10420-BB86-4FEF-93E6-95E0DFB422A1}.Release|Any CPU.ActiveCfg = Release|Any CPU
		{23C10420-BB86-4FEF-93E6-95E0DFB422A1}.Release|Any CPU.Build.0 = Release|Any CPU
	EndGlobalSection
	GlobalSection(SolutionProperties) = preSolution
		HideSolutionNode = FALSE
	EndGlobalSection
	GlobalSection(ExtensibilityGlobals) = postSolution
		SolutionGuid = {E85F2BDD-E5A8-49A1-85C6-588B88E47DF7}
	EndGlobalSection
EndGlobal
